# THIS IS AN AUTOGENERATED FILE. DO NOT EDIT THIS FILE DIRECTLY.
# yarn lockfile v1


"@types/google-protobuf@^3.15.3":
  version "3.15.5"
  resolved "https://registry.yarnpkg.com/@types/google-protobuf/-/google-protobuf-3.15.5.tgz#644b2be0f5613b1f822c70c73c6b0e0b5b5fa2ad"
  integrity sha512-6bgv24B+A2bo9AfzReeg5StdiijKzwwnRflA8RLd1V4Yv995LeTmo0z69/MPbBDFSiZWdZHQygLo/ccXhMEDgw==

google-protobuf@^3.19.3:
  version "3.19.4"
  resolved "https://registry.yarnpkg.com/google-protobuf/-/google-protobuf-3.19.4.tgz#8d32c3e34be9250956f28c0fb90955d13f311888"
  integrity sha512-OIPNCxsG2lkIvf+P5FNfJ/Km95CsXOBecS9ZcAU6m2Rq3svc0Apl9nB3GMDNKfQ9asNv4KjyAqGwPQFrVle3Yg==

prettier@^2.5.1:
  version "2.5.1"
  resolved "https://registry.yarnpkg.com/prettier/-/prettier-2.5.1.tgz#fff75fa9d519c54cf0fce328c1017d94546bc56a"
  integrity sha512-vBZcPRUR5MZJwoyi3ZoyQlc1rXeEck8KgeC9AwwOn+exuxLxq5toTRDTSaVrXHxelDMHy9zlicw8u66yxoSUFg==

twirpscript@^0.0.45:
  version "0.0.45"
  resolved "https://registry.yarnpkg.com/twirpscript/-/twirpscript-0.0.45.tgz#1857f17342ba88f0454121bd4fce8f8b2b8e4fd3"
  integrity sha512-yZ6A6BWaR2ozSbirWT3efqOxFPUahaJKltUGQaRWYEDLPSm9tpeK8IpqKP/pw0EnTxKLjgXYtSM1RlbAERvItw==
  dependencies:
    "@types/google-protobuf" "^3.15.3"
    google-protobuf "^3.19.3"
    prettier "^2.5.1"
